
Microsoft Visual Studio Solution File, Format Version 12.00
Project("{FAE04EC0-301F-11D3-BF4B-00C04F79EFBC}") = "The Prison Escape", "The Prison Escape\The Prison Escape.csproj", "{BB372AEE-0680-4BB6-9A61-AF1B7495724E}"
EndProject
Global
	GlobalSection(SolutionConfigurationPlatforms) = preSolution
		Debug|Any CPU = Debug|Any CPU
		Release|Any CPU = Release|Any CPU
	EndGlobalSection
	GlobalSection(ProjectConfigurationPlatforms) = postSolution
		{BB372AEE-0680-4BB6-9A61-AF1B7495724E}.Debug|Any CPU.ActiveCfg = Debug|Any CPU
		{BB372AEE-0680-4BB6-9A61-AF1B7495724E}.Debug|Any CPU.Build.0 = Debug|Any CPU
		{BB372AEE-0680-4BB6-9A61-AF1B7495724E}.Release|Any CPU.ActiveCfg = Release|Any CPU
		{BB372AEE-0680-4BB6-9A61-AF1B7495724E}.Release|Any CPU.Build.0 = Release|Any CPU
		{45225B5A-D894-435C-AB7C-604BE6E57090}.Debug|Any CPU.ActiveCfg = Debug|Any CPU
		{45225B5A-D894-435C-AB7C-604BE6E57090}.Debug|Any CPU.Build.0 = Debug|Any CPU
		{45225B5A-D894-435C-AB7C-604BE6E57090}.Release|Any CPU.ActiveCfg = Release|Any CPU
		{45225B5A-D894-435C-AB7C-604BE6E57090}.Release|Any CPU.Build.0 = Release|Any CPU
	EndGlobalSection
EndGlobal
